{
    "_readme": [
        "This file locks the dependencies of your project to a known state",
        "Read more about it at https://getcomposer.org/doc/01-basic-usage.md#installing-dependencies",
        "This file is @generated automatically"
    ],
    "content-hash": "a648e2e02dd1a07fcacfc321941261b4",
    "packages": [
        {
            "name": "brick/math",
            "version": "0.8.0",
            "source": {
                "type": "git",
                "url": "https://github.com/brick/math.git",
                "reference": "3a0ac33048bcec1d826def08ae2c7a23e0e49ca1"
            },
            "dist": {
                "type": "zip",
                "url": "https://api.github.com/repos/brick/math/zipball/3a0ac33048bcec1d826def08ae2c7a23e0e49ca1",
                "reference": "3a0ac33048bcec1d826def08ae2c7a23e0e49ca1",
                "shasum": ""
            },
            "require": {
                "php": ">=7.1"
            },
            "require-dev": {
                "php-coveralls/php-coveralls": "2.*",
                "phpunit/phpunit": "7.*"
            },
            "type": "library",
            "autoload": {
                "psr-4": {
                    "Brick\\Math\\": "src/"
                }
            },
            "notification-url": "https://packagist.org/downloads/",
            "license": [
                "MIT"
            ],
            "description": "Arbitrary-precision arithmetic library",
            "keywords": [
                "Arbitrary-precision",
                "BigInteger",
                "BigRational",
                "arithmetic",
                "bigdecimal",
                "brick",
                "math"
            ],
            "support": {
                "issues": "https://github.com/brick/math/issues",
                "source": "https://github.com/brick/math/tree/master"
            },
            "time": "2018-10-13T16:54:09+00:00"
        },
        {
            "name": "cbschuld/browser.php",
            "version": "v1.9.6",
            "source": {
                "type": "git",
                "url": "https://github.com/cbschuld/Browser.php.git",
                "reference": "9d07d6410977d494d7b8ecc2f3c877645c5477d9"
            },
            "dist": {
                "type": "zip",
                "url": "https://api.github.com/repos/cbschuld/Browser.php/zipball/9d07d6410977d494d7b8ecc2f3c877645c5477d9",
                "reference": "9d07d6410977d494d7b8ecc2f3c877645c5477d9",
                "shasum": ""
            },
            "require": {
                "php": ">=7.2"
            },
            "require-dev": {
                "phpunit/phpunit": "^8"
            },
            "type": "library",
            "extra": {
                "branch-alias": {
                    "dev-master": "1.9.x-dev"
                }
            },
            "autoload": {
                "classmap": [
                    "src/Browser.php"
                ]
            },
            "notification-url": "https://packagist.org/downloads/",
            "license": [
                "MIT"
            ],
            "authors": [
                {
                    "name": "Chris Schuld",
                    "email": "chris@chrisschuld.com",
                    "homepage": "https://chrisschuld.com"
                }
            ],
            "description": "A PHP Class to detect a user's Browser.  This encapsulation provides a breakdown of the browser and the version of the browser using the browser's user-agent string.  This is not a guaranteed solution but provides an overall accurate way to detect what browser a user is using.",
            "homepage": "https://chrisschuld.com/projects/browser-php-detecting-a-users-browser-from-php/",
            "keywords": [
                "browser",
                "detection",
                "user agent"
            ],
            "support": {
                "issues": "https://github.com/cbschuld/Browser.php/issues",
                "source": "https://github.com/cbschuld/Browser.php/tree/master"
            },
            "time": "2020-04-14T18:46:44+00:00"
        },
        {
            "name": "mimmi20/browscap-helper-source",
            "version": "3.0.8",
            "source": {
                "type": "git",
                "url": "https://github.com/mimmi20/browscap-helper-source.git",
                "reference": "0b161413688bc7f2eb9dfc5ad2b15de140ed08af"
            },
            "dist": {
                "type": "zip",
                "url": "https://api.github.com/repos/mimmi20/browscap-helper-source/zipball/0b161413688bc7f2eb9dfc5ad2b15de140ed08af",
                "reference": "0b161413688bc7f2eb9dfc5ad2b15de140ed08af",
                "shasum": ""
            },
            "require": {
                "ext-mbstring": "*",
                "php": "^8.1.0",
                "psr/log": "^1.1.4 || ^2.0.0 || ^3.0.0",
                "psr/simple-cache": "^1.0.1 || ^2.0.0 || ^3.0.0",
                "ramsey/uuid": "^4.2.3",
                "symfony/console": "^v6.0.2",
                "symfony/finder": "^v6.0.2",
                "symfony/yaml": "^v6.0.2"
            },
            "require-dev": {
                "browscap/browscap": "^6.0.x-dev",
                "cbschuld/browser.php": "^v1.9.6",
                "donatj/phpuseragentparser": "^v1.5.0",
                "endorphin-studio/browser-detector": "^6.0.1",
                "endorphin-studio/browser-detector-tests": "^2.2.0 || ^3.1.0",
                "ext-json": "*",
                "ext-pdo": "*",
                "ext-simplexml": "*",
                "jaybizzle/crawler-detect": "^v1.2.110",
                "matomo/device-detector": "dev-master",
                "mimmi20/browser-detector": "^7.0.2",
                "mimmi20/coding-standard": "^2.6.2",
                "mobiledetect/mobiledetectlib": "^2.8.37",
                "phpstan/extension-installer": "^1.1.0",
                "phpstan/phpstan": "^1.4.2",
                "phpstan/phpstan-deprecation-rules": "^1.0.0",
                "sinergi/browser-detector": "^6.1.4",
                "squizlabs/php_codesniffer": "^3.6.2",
                "whichbrowser/parser": "^v2.1.2",
                "woothee/woothee-testset": "^v1.13.0",
                "zsxsoft/php-useragent": "^1.5"
            },
            "suggest": {
                "browscap/browscap": "To read these useragents",
                "donatj/phpuseragentparser": "To read these useragents",
                "ext-http": "to parse headers in the WhichBrowserSource",
                "ext-json": "required for several sources",
                "ext-pdo": "required for the PdoSource",
                "ext-simplexml": "required for the EndorphinSource or the SinergiSource",
                "jaybizzle/crawler-detect": "To read these useragents",
                "matomo/device-detector": "To read these useragents",
                "mobiledetect/mobiledetectlib": "To read these useragents",
                "mongodb/mongodb": "To read these useragents",
                "sinergi/browser-detector": "To read these useragents",
                "whichbrowser/parser": "To read these useragents",
                "woothee/woothee-testset": "To read these useragents",
                "zsxsoft/php-useragent": "To read these useragents"
            },
            "type": "library",
            "autoload": {
                "psr-4": {
                    "BrowscapHelper\\Source\\": "src/"
                }
            },
            "notification-url": "https://packagist.org/downloads/",
            "license": [
                "MIT"
            ],
            "authors": [
                {
                    "name": "Thomas Müller",
                    "homepage": "https://github.com/mimmi20",
                    "role": "Developer"
                },
                {
                    "name": "Contributors",
                    "homepage": "https://github.com/mimmi20/browscap-helper-source/graphs/contributors"
                }
            ],
            "description": "the source interface for the browscap helper",
            "support": {
                "issues": "https://github.com/mimmi20/browscap-helper-source/issues",
                "source": "https://github.com/mimmi20/browscap-helper-source/tree/3.0.8"
            },
            "time": "2022-01-22T14:08:48+00:00"
        },
        {
            "name": "psr/container",
            "version": "1.0.0",
            "source": {
                "type": "git",
                "url": "https://github.com/php-fig/container.git",
                "reference": "b7ce3b176482dbbc1245ebf52b181af44c2cf55f"
            },
            "dist": {
                "type": "zip",
                "url": "https://api.github.com/repos/php-fig/container/zipball/b7ce3b176482dbbc1245ebf52b181af44c2cf55f",
                "reference": "b7ce3b176482dbbc1245ebf52b181af44c2cf55f",
                "shasum": ""
            },
            "require": {
                "php": ">=5.3.0"
            },
            "type": "library",
            "extra": {
                "branch-alias": {
                    "dev-master": "1.0.x-dev"
                }
            },
            "autoload": {
                "psr-4": {
                    "Psr\\Container\\": "src/"
                }
            },
            "notification-url": "https://packagist.org/downloads/",
            "license": [
                "MIT"
            ],
            "authors": [
                {
                    "name": "PHP-FIG",
                    "homepage": "http://www.php-fig.org/"
                }
            ],
            "description": "Common Container Interface (PHP FIG PSR-11)",
            "homepage": "https://github.com/php-fig/container",
            "keywords": [
                "PSR-11",
                "container",
                "container-interface",
                "container-interop",
                "psr"
            ],
            "support": {
                "issues": "https://github.com/php-fig/container/issues",
                "source": "https://github.com/php-fig/container/tree/master"
            },
            "time": "2017-02-14T16:28:37+00:00"
        },
        {
            "name": "psr/log",
            "version": "1.1.4",
            "source": {
                "type": "git",
                "url": "https://github.com/php-fig/log.git",
                "reference": "d49695b909c3b7628b6289db5479a1c204601f11"
            },
            "dist": {
                "type": "zip",
                "url": "https://api.github.com/repos/php-fig/log/zipball/d49695b909c3b7628b6289db5479a1c204601f11",
                "reference": "d49695b909c3b7628b6289db5479a1c204601f11",
                "shasum": ""
            },
            "require": {
                "php": ">=5.3.0"
            },
            "type": "library",
            "extra": {
                "branch-alias": {
                    "dev-master": "1.1.x-dev"
                }
            },
            "autoload": {
                "psr-4": {
                    "Psr\\Log\\": "Psr/Log/"
                }
            },
            "notification-url": "https://packagist.org/downloads/",
            "license": [
                "MIT"
            ],
            "authors": [
                {
                    "name": "PHP-FIG",
                    "homepage": "https://www.php-fig.org/"
                }
            ],
            "description": "Common interface for logging libraries",
            "homepage": "https://github.com/php-fig/log",
            "keywords": [
                "log",
                "psr",
                "psr-3"
            ],
            "support": {
                "source": "https://github.com/php-fig/log/tree/1.1.4"
            },
            "time": "2021-05-03T11:20:27+00:00"
        },
        {
            "name": "psr/simple-cache",
            "version": "1.0.1",
            "source": {
                "type": "git",
                "url": "https://github.com/php-fig/simple-cache.git",
                "reference": "408d5eafb83c57f6365a3ca330ff23aa4a5fa39b"
            },
            "dist": {
                "type": "zip",
                "url": "https://api.github.com/repos/php-fig/simple-cache/zipball/408d5eafb83c57f6365a3ca330ff23aa4a5fa39b",
                "reference": "408d5eafb83c57f6365a3ca330ff23aa4a5fa39b",
                "shasum": ""
            },
            "require": {
                "php": ">=5.3.0"
            },
            "type": "library",
            "extra": {
                "branch-alias": {
                    "dev-master": "1.0.x-dev"
                }
            },
            "autoload": {
                "psr-4": {
                    "Psr\\SimpleCache\\": "src/"
                }
            },
            "notification-url": "https://packagist.org/downloads/",
            "license": [
                "MIT"
            ],
            "authors": [
                {
                    "name": "PHP-FIG",
                    "homepage": "http://www.php-fig.org/"
                }
            ],
            "description": "Common interfaces for simple caching",
            "keywords": [
                "cache",
                "caching",
                "psr",
                "psr-16",
                "simple-cache"
            ],
            "support": {
                "source": "https://github.com/php-fig/simple-cache/tree/master"
            },
            "time": "2017-10-23T01:57:42+00:00"
        },
        {
            "name": "ramsey/collection",
            "version": "1.1.0",
            "source": {
                "type": "git",
                "url": "https://github.com/ramsey/collection.git",
                "reference": "044184884e3c803e4cbb6451386cb71562939b18"
            },
            "dist": {
                "type": "zip",
                "url": "https://api.github.com/repos/ramsey/collection/zipball/044184884e3c803e4cbb6451386cb71562939b18",
                "reference": "044184884e3c803e4cbb6451386cb71562939b18",
                "shasum": ""
            },
            "require": {
                "php": "^7.2 || ^8"
            },
            "require-dev": {
                "captainhook/captainhook": "^5.3",
                "dealerdirect/phpcodesniffer-composer-installer": "^0.7.0",
                "ergebnis/composer-normalize": "^2.6",
                "fzaninotto/faker": "^1.5",
                "hamcrest/hamcrest-php": "^2",
                "jangregor/phpstan-prophecy": "^0.6",
                "mockery/mockery": "^1.3",
                "phpstan/extension-installer": "^1",
                "phpstan/phpstan": "^0.12.32",
                "phpstan/phpstan-mockery": "^0.12.5",
                "phpstan/phpstan-phpunit": "^0.12.11",
                "phpunit/phpunit": "^8.5",
                "psy/psysh": "^0.10.4",
                "slevomat/coding-standard": "^6.3",
                "squizlabs/php_codesniffer": "^3.5",
                "vimeo/psalm": "^3.12.2"
            },
            "type": "library",
            "autoload": {
                "psr-4": {
                    "Ramsey\\Collection\\": "src/"
                }
            },
            "notification-url": "https://packagist.org/downloads/",
            "license": [
                "MIT"
            ],
            "authors": [
                {
                    "name": "Ben Ramsey",
                    "email": "ben@benramsey.com",
                    "homepage": "https://benramsey.com"
                }
            ],
            "description": "A PHP 7.2+ library for representing and manipulating collections.",
            "keywords": [
                "array",
                "collection",
                "hash",
                "map",
                "queue",
                "set"
            ],
            "support": {
                "issues": "https://github.com/ramsey/collection/issues",
                "source": "https://github.com/ramsey/collection/tree/1.1.0"
            },
            "funding": [
                {
                    "url": "https://github.com/ramsey",
                    "type": "github"
                }
            ],
            "time": "2020-08-11T00:57:21+00:00"
        },
        {
            "name": "ramsey/uuid",
            "version": "4.2.3",
            "source": {
                "type": "git",
                "url": "https://github.com/ramsey/uuid.git",
                "reference": "fc9bb7fb5388691fd7373cd44dcb4d63bbcf24df"
            },
            "dist": {
                "type": "zip",
                "url": "https://api.github.com/repos/ramsey/uuid/zipball/fc9bb7fb5388691fd7373cd44dcb4d63bbcf24df",
                "reference": "fc9bb7fb5388691fd7373cd44dcb4d63bbcf24df",
                "shasum": ""
            },
            "require": {
                "brick/math": "^0.8 || ^0.9",
                "ext-json": "*",
                "php": "^7.2 || ^8.0",
                "ramsey/collection": "^1.0",
                "symfony/polyfill-ctype": "^1.8",
                "symfony/polyfill-php80": "^1.14"
            },
            "replace": {
                "rhumsaa/uuid": "self.version"
            },
            "require-dev": {
                "captainhook/captainhook": "^5.10",
                "captainhook/plugin-composer": "^5.3",
                "dealerdirect/phpcodesniffer-composer-installer": "^0.7.0",
                "doctrine/annotations": "^1.8",
                "ergebnis/composer-normalize": "^2.15",
                "mockery/mockery": "^1.3",
                "moontoast/math": "^1.1",
                "paragonie/random-lib": "^2",
                "php-mock/php-mock": "^2.2",
                "php-mock/php-mock-mockery": "^1.3",
                "php-parallel-lint/php-parallel-lint": "^1.1",
                "phpbench/phpbench": "^1.0",
                "phpstan/extension-installer": "^1.0",
                "phpstan/phpstan": "^0.12",
                "phpstan/phpstan-mockery": "^0.12",
                "phpstan/phpstan-phpunit": "^0.12",
                "phpunit/phpunit": "^8.5 || ^9",
                "slevomat/coding-standard": "^7.0",
                "squizlabs/php_codesniffer": "^3.5",
                "vimeo/psalm": "^4.9"
            },
            "suggest": {
                "ext-bcmath": "Enables faster math with arbitrary-precision integers using BCMath.",
                "ext-ctype": "Enables faster processing of character classification using ctype functions.",
                "ext-gmp": "Enables faster math with arbitrary-precision integers using GMP.",
                "ext-uuid": "Enables the use of PeclUuidTimeGenerator and PeclUuidRandomGenerator.",
                "paragonie/random-lib": "Provides RandomLib for use with the RandomLibAdapter",
                "ramsey/uuid-doctrine": "Allows the use of Ramsey\\Uuid\\Uuid as Doctrine field type."
            },
            "type": "library",
            "extra": {
                "branch-alias": {
                    "dev-main": "4.x-dev"
                },
                "captainhook": {
                    "force-install": true
                }
            },
            "autoload": {
                "psr-4": {
                    "Ramsey\\Uuid\\": "src/"
                },
                "files": [
                    "src/functions.php"
                ]
            },
            "notification-url": "https://packagist.org/downloads/",
            "license": [
                "MIT"
            ],
            "description": "A PHP library for generating and working with universally unique identifiers (UUIDs).",
            "keywords": [
                "guid",
                "identifier",
                "uuid"
            ],
            "support": {
                "issues": "https://github.com/ramsey/uuid/issues",
                "source": "https://github.com/ramsey/uuid/tree/4.2.3"
            },
            "funding": [
                {
                    "url": "https://github.com/ramsey",
                    "type": "github"
                },
                {
                    "url": "https://tidelift.com/funding/github/packagist/ramsey/uuid",
                    "type": "tidelift"
                }
            ],
            "time": "2021-09-25T23:10:38+00:00"
        },
        {
            "name": "symfony/console",
            "version": "v6.0.2",
            "source": {
                "type": "git",
                "url": "https://github.com/symfony/console.git",
                "reference": "dd434fa8d69325e5d210f63070014d889511fcb3"
            },
            "dist": {
                "type": "zip",
                "url": "https://api.github.com/repos/symfony/console/zipball/dd434fa8d69325e5d210f63070014d889511fcb3",
                "reference": "dd434fa8d69325e5d210f63070014d889511fcb3",
                "shasum": ""
            },
            "require": {
                "php": ">=8.0.2",
                "symfony/polyfill-mbstring": "~1.0",
                "symfony/service-contracts": "^1.1|^2|^3",
                "symfony/string": "^5.4|^6.0"
            },
            "conflict": {
                "symfony/dependency-injection": "<5.4",
                "symfony/dotenv": "<5.4",
                "symfony/event-dispatcher": "<5.4",
                "symfony/lock": "<5.4",
                "symfony/process": "<5.4"
            },
            "provide": {
                "psr/log-implementation": "1.0|2.0|3.0"
            },
            "require-dev": {
                "psr/log": "^1|^2|^3",
                "symfony/config": "^5.4|^6.0",
                "symfony/dependency-injection": "^5.4|^6.0",
                "symfony/event-dispatcher": "^5.4|^6.0",
                "symfony/lock": "^5.4|^6.0",
                "symfony/process": "^5.4|^6.0",
                "symfony/var-dumper": "^5.4|^6.0"
            },
            "suggest": {
                "psr/log": "For using the console logger",
                "symfony/event-dispatcher": "",
                "symfony/lock": "",
                "symfony/process": ""
            },
            "type": "library",
            "autoload": {
                "psr-4": {
                    "Symfony\\Component\\Console\\": ""
                },
                "exclude-from-classmap": [
                    "/Tests/"
                ]
            },
            "notification-url": "https://packagist.org/downloads/",
            "license": [
                "MIT"
            ],
            "authors": [
                {
                    "name": "Fabien Potencier",
                    "email": "fabien@symfony.com"
                },
                {
                    "name": "Symfony Community",
                    "homepage": "https://symfony.com/contributors"
                }
            ],
            "description": "Eases the creation of beautiful and testable command line interfaces",
            "homepage": "https://symfony.com",
            "keywords": [
                "cli",
                "command line",
                "console",
                "terminal"
            ],
            "support": {
                "source": "https://github.com/symfony/console/tree/v6.0.2"
            },
            "funding": [
                {
                    "url": "https://symfony.com/sponsor",
                    "type": "custom"
                },
                {
                    "url": "https://github.com/fabpot",
                    "type": "github"
                },
                {
                    "url": "https://tidelift.com/funding/github/packagist/symfony/symfony",
                    "type": "tidelift"
                }
            ],
            "time": "2021-12-27T21:05:08+00:00"
        },
        {
            "name": "symfony/finder",
            "version": "v6.0.2",
            "source": {
                "type": "git",
                "url": "https://github.com/symfony/finder.git",
                "reference": "03d2833e677d48317cac852f9c0287fb048c3c5c"
            },
            "dist": {
                "type": "zip",
                "url": "https://api.github.com/repos/symfony/finder/zipball/03d2833e677d48317cac852f9c0287fb048c3c5c",
                "reference": "03d2833e677d48317cac852f9c0287fb048c3c5c",
                "shasum": ""
            },
            "require": {
                "php": ">=8.0.2"
            },
            "type": "library",
            "autoload": {
                "psr-4": {
                    "Symfony\\Component\\Finder\\": ""
                },
                "exclude-from-classmap": [
                    "/Tests/"
                ]
            },
            "notification-url": "https://packagist.org/downloads/",
            "license": [
                "MIT"
            ],
            "authors": [
                {
                    "name": "Fabien Potencier",
                    "email": "fabien@symfony.com"
                },
                {
                    "name": "Symfony Community",
                    "homepage": "https://symfony.com/contributors"
                }
            ],
            "description": "Finds files and directories via an intuitive fluent interface",
            "homepage": "https://symfony.com",
            "support": {
                "source": "https://github.com/symfony/finder/tree/v6.0.2"
            },
            "funding": [
                {
                    "url": "https://symfony.com/sponsor",
                    "type": "custom"
                },
                {
                    "url": "https://github.com/fabpot",
                    "type": "github"
                },
                {
                    "url": "https://tidelift.com/funding/github/packagist/symfony/symfony",
                    "type": "tidelift"
                }
            ],
            "time": "2021-12-20T16:21:45+00:00"
        },
        {
            "name": "symfony/polyfill-ctype",
            "version": "v1.8.0",
            "source": {
                "type": "git",
                "url": "https://github.com/symfony/polyfill-ctype.git",
                "reference": "7cc359f1b7b80fc25ed7796be7d96adc9b354bae"
            },
            "dist": {
                "type": "zip",
                "url": "https://api.github.com/repos/symfony/polyfill-ctype/zipball/7cc359f1b7b80fc25ed7796be7d96adc9b354bae",
                "reference": "7cc359f1b7b80fc25ed7796be7d96adc9b354bae",
                "shasum": ""
            },
            "require": {
                "php": ">=5.3.3"
            },
            "type": "library",
            "extra": {
                "branch-alias": {
                    "dev-master": "1.8-dev"
                }
            },
            "autoload": {
                "psr-4": {
                    "Symfony\\Polyfill\\Ctype\\": ""
                },
                "files": [
                    "bootstrap.php"
                ]
            },
            "notification-url": "https://packagist.org/downloads/",
            "license": [
                "MIT"
            ],
            "authors": [
                {
                    "name": "Symfony Community",
                    "homepage": "https://symfony.com/contributors"
                },
                {
                    "name": "Gert de Pagter",
                    "email": "BackEndTea@gmail.com"
                }
            ],
            "description": "Symfony polyfill for ctype functions",
            "homepage": "https://symfony.com",
            "keywords": [
                "compatibility",
                "ctype",
                "polyfill",
                "portable"
            ],
            "support": {
                "source": "https://github.com/symfony/polyfill-ctype/tree/master"
            },
            "time": "2018-04-30T19:57:29+00:00"
        },
        {
            "name": "symfony/polyfill-intl-grapheme",
            "version": "v1.0.0",
            "source": {
                "type": "git",
                "url": "https://github.com/symfony/polyfill-intl-grapheme.git",
                "reference": "9332d285b58a16b144b3bf0bfd3b6334d9a43006"
            },
            "dist": {
                "type": "zip",
                "url": "https://api.github.com/repos/symfony/polyfill-intl-grapheme/zipball/9332d285b58a16b144b3bf0bfd3b6334d9a43006",
                "reference": "9332d285b58a16b144b3bf0bfd3b6334d9a43006",
                "shasum": ""
            },
            "require": {
                "php": ">=5.3.3"
            },
            "type": "library",
            "extra": {
                "branch-alias": {
                    "dev-master": "1.0-dev"
                }
            },
            "autoload": {
                "files": [
                    "bootstrap.php"
                ],
                "psr-4": {
                    "Symfony\\Polyfill\\Intl\\Grapheme\\": ""
                }
            },
            "notification-url": "https://packagist.org/downloads/",
            "license": [
                "MIT"
            ],
            "authors": [
                {
                    "name": "Nicolas Grekas",
                    "email": "p@tchwork.com"
                },
                {
                    "name": "Symfony Community",
                    "homepage": "https://symfony.com/contributors"
                }
            ],
            "description": "Symfony polyfill for intl's grapheme_* functions",
            "homepage": "https://symfony.com",
            "keywords": [
                "compatibility",
                "grapheme",
                "intl",
                "polyfill",
                "portable",
                "shim"
            ],
            "support": {
                "source": "https://github.com/symfony/polyfill-intl-grapheme/tree/master"
            },
            "time": "2015-11-04T20:28:58+00:00"
        },
        {
            "name": "symfony/polyfill-intl-normalizer",
            "version": "v1.0.0",
            "source": {
                "type": "git",
                "url": "https://github.com/symfony/polyfill-intl-normalizer.git",
                "reference": "b0235b9e98e224821e23018a9487764ad6dec859"
            },
            "dist": {
                "type": "zip",
                "url": "https://api.github.com/repos/symfony/polyfill-intl-normalizer/zipball/b0235b9e98e224821e23018a9487764ad6dec859",
                "reference": "b0235b9e98e224821e23018a9487764ad6dec859",
                "shasum": ""
            },
            "require": {
                "php": ">=5.3.3"
            },
            "type": "library",
            "extra": {
                "branch-alias": {
                    "dev-master": "1.0-dev"
                }
            },
            "autoload": {
                "files": [
                    "bootstrap.php"
                ],
                "psr-4": {
                    "Symfony\\Polyfill\\Intl\\Normalizer\\": ""
                },
                "classmap": [
                    "Resources/stubs"
                ]
            },
            "notification-url": "https://packagist.org/downloads/",
            "license": [
                "MIT"
            ],
            "authors": [
                {
                    "name": "Nicolas Grekas",
                    "email": "p@tchwork.com"
                },
                {
                    "name": "Symfony Community",
                    "homepage": "https://symfony.com/contributors"
                }
            ],
            "description": "Symfony polyfill for intl's Normalizer class and related functions",
            "homepage": "https://symfony.com",
            "keywords": [
                "compatibility",
                "intl",
                "normalizer",
                "polyfill",
                "portable",
                "shim"
            ],
            "support": {
                "source": "https://github.com/symfony/polyfill-intl-normalizer/tree/master"
            },
            "time": "2015-11-04T20:28:58+00:00"
        },
        {
            "name": "symfony/polyfill-mbstring",
            "version": "v1.0.0",
            "source": {
                "type": "git",
                "url": "https://github.com/symfony/polyfill-mbstring.git",
                "reference": "0b6a8940385311a24e060ec1fe35680e17c74497"
            },
            "dist": {
                "type": "zip",
                "url": "https://api.github.com/repos/symfony/polyfill-mbstring/zipball/0b6a8940385311a24e060ec1fe35680e17c74497",
                "reference": "0b6a8940385311a24e060ec1fe35680e17c74497",
                "shasum": ""
            },
            "require": {
                "php": ">=5.3.3"
            },
            "type": "library",
            "extra": {
                "branch-alias": {
                    "dev-master": "1.0-dev"
                }
            },
            "autoload": {
                "files": [
                    "bootstrap.php"
                ],
                "psr-4": {
                    "Symfony\\Polyfill\\Mbstring\\": ""
                }
            },
            "notification-url": "https://packagist.org/downloads/",
            "license": [
                "MIT"
            ],
            "authors": [
                {
                    "name": "Nicolas Grekas",
                    "email": "p@tchwork.com"
                },
                {
                    "name": "Symfony Community",
                    "homepage": "https://symfony.com/contributors"
                }
            ],
            "description": "Symfony polyfill for the Mbstring extension",
            "homepage": "https://symfony.com",
            "keywords": [
                "compatibility",
                "mbstring",
                "polyfill",
                "portable",
                "shim"
            ],
            "support": {
                "source": "https://github.com/symfony/polyfill-mbstring/tree/master"
            },
            "time": "2015-11-04T20:28:58+00:00"
        },
        {
            "name": "symfony/polyfill-php80",
            "version": "v1.14.0",
            "source": {
                "type": "git",
                "url": "https://github.com/symfony/polyfill-php80.git",
                "reference": "b0bb13886534f7353089258600fb241699609375"
            },
            "dist": {
                "type": "zip",
                "url": "https://api.github.com/repos/symfony/polyfill-php80/zipball/b0bb13886534f7353089258600fb241699609375",
                "reference": "b0bb13886534f7353089258600fb241699609375",
                "shasum": ""
            },
            "require": {
                "php": ">=7.0.8"
            },
            "type": "library",
            "extra": {
                "branch-alias": {
                    "dev-master": "1.14-dev"
                }
            },
            "autoload": {
                "files": [
                    "bootstrap.php"
                ],
                "psr-4": {
                    "Symfony\\Polyfill\\Php80\\": ""
                },
                "classmap": [
                    "Resources/stubs"
                ]
            },
            "notification-url": "https://packagist.org/downloads/",
            "license": [
                "MIT"
            ],
            "authors": [
                {
                    "name": "Ion Bazan",
                    "email": "ion.bazan@gmail.com"
                },
                {
                    "name": "Nicolas Grekas",
                    "email": "p@tchwork.com"
                },
                {
                    "name": "Symfony Community",
                    "homepage": "https://symfony.com/contributors"
                }
            ],
            "description": "Symfony polyfill backporting some PHP 8.0+ features to lower PHP versions",
            "homepage": "https://symfony.com",
            "keywords": [
                "compatibility",
                "polyfill",
                "portable",
                "shim"
            ],
            "support": {
                "source": "https://github.com/symfony/polyfill-php80/tree/v1.14.0"
            },
            "time": "2020-02-13T08:45:58+00:00"
        },
        {
            "name": "symfony/service-contracts",
            "version": "v1.1.9",
            "source": {
                "type": "git",
                "url": "https://github.com/symfony/service-contracts.git",
                "reference": "b776d18b303a39f56c63747bcb977ad4b27aca26"
            },
            "dist": {
                "type": "zip",
                "url": "https://api.github.com/repos/symfony/service-contracts/zipball/b776d18b303a39f56c63747bcb977ad4b27aca26",
                "reference": "b776d18b303a39f56c63747bcb977ad4b27aca26",
                "shasum": ""
            },
            "require": {
                "php": ">=7.1.3",
                "psr/container": "^1.0"
            },
            "suggest": {
                "symfony/service-implementation": ""
            },
            "type": "library",
            "extra": {
                "branch-alias": {
                    "dev-master": "1.1-dev"
                },
                "thanks": {
                    "name": "symfony/contracts",
                    "url": "https://github.com/symfony/contracts"
                }
            },
            "autoload": {
                "psr-4": {
                    "Symfony\\Contracts\\Service\\": ""
                }
            },
            "notification-url": "https://packagist.org/downloads/",
            "license": [
                "MIT"
            ],
            "authors": [
                {
                    "name": "Nicolas Grekas",
                    "email": "p@tchwork.com"
                },
                {
                    "name": "Symfony Community",
                    "homepage": "https://symfony.com/contributors"
                }
            ],
            "description": "Generic abstractions related to writing services",
            "homepage": "https://symfony.com",
            "keywords": [
                "abstractions",
                "contracts",
                "decoupling",
                "interfaces",
                "interoperability",
                "standards"
            ],
            "support": {
                "source": "https://github.com/symfony/service-contracts/tree/v1.1.9"
            },
            "funding": [
                {
                    "url": "https://symfony.com/sponsor",
                    "type": "custom"
                },
                {
                    "url": "https://github.com/fabpot",
                    "type": "github"
                },
                {
                    "url": "https://tidelift.com/funding/github/packagist/symfony/symfony",
                    "type": "tidelift"
                }
            ],
            "time": "2020-07-06T13:19:58+00:00"
        },
        {
            "name": "symfony/string",
            "version": "v6.0.0",
            "source": {
                "type": "git",
                "url": "https://github.com/symfony/string.git",
                "reference": "ba727797426af0f587f4800566300bdc0cda0777"
            },
            "dist": {
                "type": "zip",
                "url": "https://api.github.com/repos/symfony/string/zipball/ba727797426af0f587f4800566300bdc0cda0777",
                "reference": "ba727797426af0f587f4800566300bdc0cda0777",
                "shasum": ""
            },
            "require": {
                "php": ">=8.0.2",
                "symfony/polyfill-ctype": "~1.8",
                "symfony/polyfill-intl-grapheme": "~1.0",
                "symfony/polyfill-intl-normalizer": "~1.0",
                "symfony/polyfill-mbstring": "~1.0"
            },
            "conflict": {
                "symfony/translation-contracts": "<2.0"
            },
            "require-dev": {
                "symfony/error-handler": "^5.4|^6.0",
                "symfony/http-client": "^5.4|^6.0",
                "symfony/translation-contracts": "^2.0|^3.0",
                "symfony/var-exporter": "^5.4|^6.0"
            },
            "type": "library",
            "autoload": {
                "psr-4": {
                    "Symfony\\Component\\String\\": ""
                },
                "files": [
                    "Resources/functions.php"
                ],
                "exclude-from-classmap": [
                    "/Tests/"
                ]
            },
            "notification-url": "https://packagist.org/downloads/",
            "license": [
                "MIT"
            ],
            "authors": [
                {
                    "name": "Nicolas Grekas",
                    "email": "p@tchwork.com"
                },
                {
                    "name": "Symfony Community",
                    "homepage": "https://symfony.com/contributors"
                }
            ],
            "description": "Provides an object-oriented API to strings and deals with bytes, UTF-8 code points and grapheme clusters in a unified way",
            "homepage": "https://symfony.com",
            "keywords": [
                "grapheme",
                "i18n",
                "string",
                "unicode",
                "utf-8",
                "utf8"
            ],
            "support": {
                "source": "https://github.com/symfony/string/tree/v6.0.0"
            },
            "funding": [
                {
                    "url": "https://symfony.com/sponsor",
                    "type": "custom"
                },
                {
                    "url": "https://github.com/fabpot",
                    "type": "github"
                },
                {
                    "url": "https://tidelift.com/funding/github/packagist/symfony/symfony",
                    "type": "tidelift"
                }
            ],
            "time": "2021-10-29T07:35:21+00:00"
        },
        {
            "name": "symfony/yaml",
            "version": "v6.0.2",
            "source": {
                "type": "git",
                "url": "https://github.com/symfony/yaml.git",
                "reference": "ed602f38b8636a2ea21af760d2578f3d2f92fc60"
            },
            "dist": {
                "type": "zip",
                "url": "https://api.github.com/repos/symfony/yaml/zipball/ed602f38b8636a2ea21af760d2578f3d2f92fc60",
                "reference": "ed602f38b8636a2ea21af760d2578f3d2f92fc60",
                "shasum": ""
            },
            "require": {
                "php": ">=8.0.2",
                "symfony/polyfill-ctype": "^1.8"
            },
            "conflict": {
                "symfony/console": "<5.4"
            },
            "require-dev": {
                "symfony/console": "^5.4|^6.0"
            },
            "suggest": {
                "symfony/console": "For validating YAML files using the lint command"
            },
            "bin": [
                "Resources/bin/yaml-lint"
            ],
            "type": "library",
            "autoload": {
                "psr-4": {
                    "Symfony\\Component\\Yaml\\": ""
                },
                "exclude-from-classmap": [
                    "/Tests/"
                ]
            },
            "notification-url": "https://packagist.org/downloads/",
            "license": [
                "MIT"
            ],
            "authors": [
                {
                    "name": "Fabien Potencier",
                    "email": "fabien@symfony.com"
                },
                {
                    "name": "Symfony Community",
                    "homepage": "https://symfony.com/contributors"
                }
            ],
            "description": "Loads and dumps YAML files",
            "homepage": "https://symfony.com",
            "support": {
                "source": "https://github.com/symfony/yaml/tree/v6.0.2"
            },
            "funding": [
                {
                    "url": "https://symfony.com/sponsor",
                    "type": "custom"
                },
                {
                    "url": "https://github.com/fabpot",
                    "type": "github"
                },
                {
                    "url": "https://tidelift.com/funding/github/packagist/symfony/symfony",
                    "type": "tidelift"
                }
            ],
            "time": "2021-12-16T22:13:01+00:00"
        }
    ],
    "packages-dev": [],
    "aliases": [],
    "minimum-stability": "stable",
    "stability-flags": [],
    "prefer-stable": true,
    "prefer-lowest": true,
    "platform": {
        "php": "^8.1.0",
        "composer-runtime-api": "^2.0"
    },
    "platform-dev": [],
    "plugin-api-version": "2.2.0"
}
