{
    "_readme": [
        "This file locks the dependencies of your project to a known state",
        "Read more about it at https://getcomposer.org/doc/01-basic-usage.md#installing-dependencies",
        "This file is @generated automatically"
    ],
    "content-hash": "70508d23a6011c838d4206c7f2854895",
    "packages": [
        {
            "name": "matthiasmullie/scrapbook",
            "version": "1.4.8",
            "source": {
                "type": "git",
                "url": "https://github.com/matthiasmullie/scrapbook.git",
                "reference": "df200ba063722798a73bc020ff154604830043d4"
            },
            "dist": {
                "type": "zip",
                "url": "https://api.github.com/repos/matthiasmullie/scrapbook/zipball/df200ba063722798a73bc020ff154604830043d4",
                "reference": "df200ba063722798a73bc020ff154604830043d4",
                "shasum": ""
            },
            "require": {
                "php": ">=5.3.0",
                "psr/cache": "~1.0",
                "psr/simple-cache": "~1.0"
            },
            "provide": {
                "psr/cache-implementation": "~1.0",
                "psr/simple-cache-implementation": "~1.0"
            },
            "require-dev": {
                "friendsofphp/php-cs-fixer": "~2.0",
                "phpunit/phpunit": ">=4.8"
            },
            "suggest": {
                "ext-apc": ">=3.1.1",
                "ext-couchbase": ">=2.0.0",
                "ext-memcached": ">=2.0.0",
                "ext-pdo": ">=0.1.0",
                "ext-redis": ">=2.2.0 || 0.0.0.0",
                "league/flysystem": "~1.0"
            },
            "type": "library",
            "autoload": {
                "psr-4": {
                    "MatthiasMullie\\Scrapbook\\": "src/"
                }
            },
            "notification-url": "https://packagist.org/downloads/",
            "license": [
                "MIT"
            ],
            "authors": [
                {
                    "name": "Matthias Mullie",
                    "email": "scrapbook@mullie.eu",
                    "homepage": "https://www.mullie.eu",
                    "role": "Developer"
                }
            ],
            "description": "Scrapbook is a PHP cache library, with adapters for e.g. Memcached, Redis, Couchbase, APC(u), SQL and additional capabilities (e.g. transactions, stampede protection) built on top.",
            "homepage": "https://scrapbook.cash",
            "keywords": [
                "Buffer",
                "Flysystem",
                "apc",
                "buffered",
                "cache",
                "caching",
                "commit",
                "couchbase",
                "filesystem",
                "key",
                "memcached",
                "mitigation",
                "mysql",
                "postgresql",
                "protection",
                "psr-16",
                "psr-6",
                "psr-cache",
                "psr-simple-cache",
                "redis",
                "rollback",
                "sql",
                "sqlite",
                "stampede",
                "store",
                "transaction",
                "transactional",
                "value"
            ],
            "support": {
                "issues": "https://github.com/matthiasmullie/scrapbook/issues",
                "source": "https://github.com/matthiasmullie/scrapbook/tree/1.4.8"
            },
            "funding": [
                {
                    "url": "https://github.com/matthiasmullie",
                    "type": "github"
                }
            ],
            "time": "2021-01-27T18:04:01+00:00"
        },
        {
            "name": "psr/cache",
            "version": "1.0.1",
            "source": {
                "type": "git",
                "url": "https://github.com/php-fig/cache.git",
                "reference": "d11b50ad223250cf17b86e38383413f5a6764bf8"
            },
            "dist": {
                "type": "zip",
                "url": "https://api.github.com/repos/php-fig/cache/zipball/d11b50ad223250cf17b86e38383413f5a6764bf8",
                "reference": "d11b50ad223250cf17b86e38383413f5a6764bf8",
                "shasum": ""
            },
            "require": {
                "php": ">=5.3.0"
            },
            "type": "library",
            "extra": {
                "branch-alias": {
                    "dev-master": "1.0.x-dev"
                }
            },
            "autoload": {
                "psr-4": {
                    "Psr\\Cache\\": "src/"
                }
            },
            "notification-url": "https://packagist.org/downloads/",
            "license": [
                "MIT"
            ],
            "authors": [
                {
                    "name": "PHP-FIG",
                    "homepage": "http://www.php-fig.org/"
                }
            ],
            "description": "Common interface for caching libraries",
            "keywords": [
                "cache",
                "psr",
                "psr-6"
            ],
            "support": {
                "source": "https://github.com/php-fig/cache/tree/master"
            },
            "time": "2016-08-06T20:24:11+00:00"
        },
        {
            "name": "psr/simple-cache",
            "version": "1.0.1",
            "source": {
                "type": "git",
                "url": "https://github.com/php-fig/simple-cache.git",
                "reference": "408d5eafb83c57f6365a3ca330ff23aa4a5fa39b"
            },
            "dist": {
                "type": "zip",
                "url": "https://api.github.com/repos/php-fig/simple-cache/zipball/408d5eafb83c57f6365a3ca330ff23aa4a5fa39b",
                "reference": "408d5eafb83c57f6365a3ca330ff23aa4a5fa39b",
                "shasum": ""
            },
            "require": {
                "php": ">=5.3.0"
            },
            "type": "library",
            "extra": {
                "branch-alias": {
                    "dev-master": "1.0.x-dev"
                }
            },
            "autoload": {
                "psr-4": {
                    "Psr\\SimpleCache\\": "src/"
                }
            },
            "notification-url": "https://packagist.org/downloads/",
            "license": [
                "MIT"
            ],
            "authors": [
                {
                    "name": "PHP-FIG",
                    "homepage": "http://www.php-fig.org/"
                }
            ],
            "description": "Common interfaces for simple caching",
            "keywords": [
                "cache",
                "caching",
                "psr",
                "psr-16",
                "simple-cache"
            ],
            "support": {
                "source": "https://github.com/php-fig/simple-cache/tree/master"
            },
            "time": "2017-10-23T01:57:42+00:00"
        },
        {
            "name": "whichbrowser/parser",
            "version": "v2.1.2",
            "source": {
                "type": "git",
                "url": "https://github.com/WhichBrowser/Parser-PHP.git",
                "reference": "bcf642a1891032de16a5ab976fd352753dd7f9a0"
            },
            "dist": {
                "type": "zip",
                "url": "https://api.github.com/repos/WhichBrowser/Parser-PHP/zipball/bcf642a1891032de16a5ab976fd352753dd7f9a0",
                "reference": "bcf642a1891032de16a5ab976fd352753dd7f9a0",
                "shasum": ""
            },
            "require": {
                "php": ">=5.4.0",
                "psr/cache": "^1.0"
            },
            "require-dev": {
                "cache/array-adapter": "^1.1",
                "icomefromthenet/reverse-regex": "0.0.6.3",
                "php-coveralls/php-coveralls": "^2.0",
                "phpunit/php-code-coverage": "^5.0 || ^7.0",
                "phpunit/phpunit": "^6.0 || ^8.0",
                "squizlabs/php_codesniffer": "^3.5",
                "symfony/yaml": "~3.4 || ~4.0"
            },
            "suggest": {
                "cache/array-adapter": "Allows testing of the caching functionality"
            },
            "type": "library",
            "autoload": {
                "psr-4": {
                    "WhichBrowser\\": [
                        "src/",
                        "tests/src/"
                    ]
                }
            },
            "notification-url": "https://packagist.org/downloads/",
            "license": [
                "MIT"
            ],
            "authors": [
                {
                    "name": "Niels Leenheer",
                    "email": "niels@leenheer.nl",
                    "role": "Developer"
                }
            ],
            "description": "Useragent sniffing library for PHP",
            "homepage": "http://whichbrowser.net",
            "keywords": [
                "browser",
                "sniffing",
                "ua",
                "useragent"
            ],
            "support": {
                "issues": "https://github.com/WhichBrowser/Parser-PHP/issues",
                "source": "https://github.com/WhichBrowser/Parser-PHP/tree/v2.1.2"
            },
            "time": "2021-05-10T10:18:11+00:00"
        }
    ],
    "packages-dev": [],
    "aliases": [],
    "minimum-stability": "stable",
    "stability-flags": [],
    "prefer-stable": true,
    "prefer-lowest": false,
    "platform": {
        "php": "^8.1.0",
        "composer-runtime-api": "^2.0"
    },
    "platform-dev": [],
    "plugin-api-version": "2.1.0"
}
