{
    "_readme": [
        "This file locks the dependencies of your project to a known state",
        "Read more about it at https://getcomposer.org/doc/01-basic-usage.md#installing-dependencies",
        "This file is @generated automatically"
    ],
    "content-hash": "66abaf1c8227a5ab508fe1611d279724",
    "packages": [
        {
            "name": "laminas/laminas-diactoros",
            "version": "2.8.0",
            "source": {
                "type": "git",
                "url": "https://github.com/laminas/laminas-diactoros.git",
                "reference": "0c26ef1d95b6d7e6e3943a243ba3dc0797227199"
            },
            "dist": {
                "type": "zip",
                "url": "https://api.github.com/repos/laminas/laminas-diactoros/zipball/0c26ef1d95b6d7e6e3943a243ba3dc0797227199",
                "reference": "0c26ef1d95b6d7e6e3943a243ba3dc0797227199",
                "shasum": ""
            },
            "require": {
                "php": "^7.3 || ~8.0.0 || ~8.1.0",
                "psr/http-factory": "^1.0",
                "psr/http-message": "^1.0"
            },
            "conflict": {
                "phpspec/prophecy": "<1.9.0",
                "zendframework/zend-diactoros": "*"
            },
            "provide": {
                "psr/http-factory-implementation": "1.0",
                "psr/http-message-implementation": "1.0"
            },
            "require-dev": {
                "ext-curl": "*",
                "ext-dom": "*",
                "ext-gd": "*",
                "ext-libxml": "*",
                "http-interop/http-factory-tests": "^0.8.0",
                "laminas/laminas-coding-standard": "~1.0.0",
                "php-http/psr7-integration-tests": "^1.1",
                "phpspec/prophecy-phpunit": "^2.0",
                "phpunit/phpunit": "^9.1",
                "psalm/plugin-phpunit": "^0.14.0",
                "vimeo/psalm": "^4.3"
            },
            "type": "library",
            "extra": {
                "laminas": {
                    "config-provider": "Laminas\\Diactoros\\ConfigProvider",
                    "module": "Laminas\\Diactoros"
                }
            },
            "autoload": {
                "files": [
                    "src/functions/create_uploaded_file.php",
                    "src/functions/marshal_headers_from_sapi.php",
                    "src/functions/marshal_method_from_sapi.php",
                    "src/functions/marshal_protocol_version_from_sapi.php",
                    "src/functions/marshal_uri_from_sapi.php",
                    "src/functions/normalize_server.php",
                    "src/functions/normalize_uploaded_files.php",
                    "src/functions/parse_cookie_header.php",
                    "src/functions/create_uploaded_file.legacy.php",
                    "src/functions/marshal_headers_from_sapi.legacy.php",
                    "src/functions/marshal_method_from_sapi.legacy.php",
                    "src/functions/marshal_protocol_version_from_sapi.legacy.php",
                    "src/functions/marshal_uri_from_sapi.legacy.php",
                    "src/functions/normalize_server.legacy.php",
                    "src/functions/normalize_uploaded_files.legacy.php",
                    "src/functions/parse_cookie_header.legacy.php"
                ],
                "psr-4": {
                    "Laminas\\Diactoros\\": "src/"
                }
            },
            "notification-url": "https://packagist.org/downloads/",
            "license": [
                "BSD-3-Clause"
            ],
            "description": "PSR HTTP Message implementations",
            "homepage": "https://laminas.dev",
            "keywords": [
                "http",
                "laminas",
                "psr",
                "psr-17",
                "psr-7"
            ],
            "support": {
                "chat": "https://laminas.dev/chat",
                "docs": "https://docs.laminas.dev/laminas-diactoros/",
                "forum": "https://discourse.laminas.dev",
                "issues": "https://github.com/laminas/laminas-diactoros/issues",
                "rss": "https://github.com/laminas/laminas-diactoros/releases.atom",
                "source": "https://github.com/laminas/laminas-diactoros"
            },
            "funding": [
                {
                    "url": "https://funding.communitybridge.org/projects/laminas-project",
                    "type": "community_bridge"
                }
            ],
            "time": "2021-09-22T03:54:36+00:00"
        },
        {
            "name": "matthiasmullie/scrapbook",
            "version": "1.4.8",
            "source": {
                "type": "git",
                "url": "https://github.com/matthiasmullie/scrapbook.git",
                "reference": "df200ba063722798a73bc020ff154604830043d4"
            },
            "dist": {
                "type": "zip",
                "url": "https://api.github.com/repos/matthiasmullie/scrapbook/zipball/df200ba063722798a73bc020ff154604830043d4",
                "reference": "df200ba063722798a73bc020ff154604830043d4",
                "shasum": ""
            },
            "require": {
                "php": ">=5.3.0",
                "psr/cache": "~1.0",
                "psr/simple-cache": "~1.0"
            },
            "provide": {
                "psr/cache-implementation": "~1.0",
                "psr/simple-cache-implementation": "~1.0"
            },
            "require-dev": {
                "friendsofphp/php-cs-fixer": "~2.0",
                "phpunit/phpunit": ">=4.8"
            },
            "suggest": {
                "ext-apc": ">=3.1.1",
                "ext-couchbase": ">=2.0.0",
                "ext-memcached": ">=2.0.0",
                "ext-pdo": ">=0.1.0",
                "ext-redis": ">=2.2.0 || 0.0.0.0",
                "league/flysystem": "~1.0"
            },
            "type": "library",
            "autoload": {
                "psr-4": {
                    "MatthiasMullie\\Scrapbook\\": "src/"
                }
            },
            "notification-url": "https://packagist.org/downloads/",
            "license": [
                "MIT"
            ],
            "authors": [
                {
                    "name": "Matthias Mullie",
                    "email": "scrapbook@mullie.eu",
                    "homepage": "https://www.mullie.eu",
                    "role": "Developer"
                }
            ],
            "description": "Scrapbook is a PHP cache library, with adapters for e.g. Memcached, Redis, Couchbase, APC(u), SQL and additional capabilities (e.g. transactions, stampede protection) built on top.",
            "homepage": "https://scrapbook.cash",
            "keywords": [
                "Buffer",
                "Flysystem",
                "apc",
                "buffered",
                "cache",
                "caching",
                "commit",
                "couchbase",
                "filesystem",
                "key",
                "memcached",
                "mitigation",
                "mysql",
                "postgresql",
                "protection",
                "psr-16",
                "psr-6",
                "psr-cache",
                "psr-simple-cache",
                "redis",
                "rollback",
                "sql",
                "sqlite",
                "stampede",
                "store",
                "transaction",
                "transactional",
                "value"
            ],
            "support": {
                "issues": "https://github.com/matthiasmullie/scrapbook/issues",
                "source": "https://github.com/matthiasmullie/scrapbook/tree/1.4.8"
            },
            "funding": [
                {
                    "url": "https://github.com/matthiasmullie",
                    "type": "github"
                }
            ],
            "time": "2021-01-27T18:04:01+00:00"
        },
        {
            "name": "mimmi20/browser-detector",
            "version": "7.0.2",
            "source": {
                "type": "git",
                "url": "https://github.com/mimmi20/BrowserDetector.git",
                "reference": "af55eed717d76fe7d778b73c70043e5418d09704"
            },
            "dist": {
                "type": "zip",
                "url": "https://api.github.com/repos/mimmi20/BrowserDetector/zipball/af55eed717d76fe7d778b73c70043e5418d09704",
                "reference": "af55eed717d76fe7d778b73c70043e5418d09704",
                "shasum": ""
            },
            "require": {
                "ext-json": "*",
                "ext-mbstring": "*",
                "mimmi20/browser-detector-version": "^7.0.8",
                "mimmi20/ios-build": "^2.0.8",
                "mimmi20/macos-build": "^2.0.8",
                "mimmi20/ua-browser-type": "^8.0.6",
                "mimmi20/ua-device-type": "^8.0.6",
                "mimmi20/ua-generic-request": "^7.0.1",
                "mimmi20/ua-normalizer": "^5.1.4",
                "mimmi20/ua-result": "^8.0.7",
                "php": "^7.4.3 || ^8.0.0",
                "psr/http-message": "^1.0.1",
                "psr/log": "^1.1.4 || ^2.0.0 || ^3.0.0",
                "psr/simple-cache": "^1.0.1 || ^2.0.0 || ^3.0.0"
            },
            "require-dev": {
                "laminas/laminas-diactoros": "^2.8.0",
                "mikey179/vfsstream": "^1.6.10",
                "mimmi20/coding-standard": "^2.6.2",
                "phpstan/extension-installer": "^1.1.0",
                "phpstan/phpstan": "^1.4.2",
                "phpstan/phpstan-deprecation-rules": "^1.0.0",
                "phpstan/phpstan-phpunit": "^1.0.0",
                "phpunit/phpunit": "^9.5.12"
            },
            "type": "library",
            "autoload": {
                "psr-4": {
                    "BrowserDetector\\": "src/"
                }
            },
            "notification-url": "https://packagist.org/downloads/",
            "license": [
                "MIT"
            ],
            "authors": [
                {
                    "name": "Thomas Müller",
                    "homepage": "https://github.com/mimmi20",
                    "role": "Developer"
                },
                {
                    "name": "Contributors",
                    "homepage": "https://github.com/mimmi20/BrowserDetector/graphs/contributors"
                }
            ],
            "description": "Library to detect Browsers and Devices",
            "homepage": "https://github.com/mimmi20/BrowserDetector",
            "keywords": [
                "browser",
                "http",
                "parser",
                "user agent",
                "user-agent"
            ],
            "support": {
                "issues": "https://github.com/mimmi20/BrowserDetector/issues",
                "source": "https://github.com/mimmi20/BrowserDetector"
            },
            "time": "2022-01-22T12:38:11+00:00"
        },
        {
            "name": "mimmi20/browser-detector-version",
            "version": "7.0.8",
            "source": {
                "type": "git",
                "url": "https://github.com/mimmi20/version.git",
                "reference": "4c67771ca0f497aa34ed442e6073fde5c575e309"
            },
            "dist": {
                "type": "zip",
                "url": "https://api.github.com/repos/mimmi20/version/zipball/4c67771ca0f497aa34ed442e6073fde5c575e309",
                "reference": "4c67771ca0f497aa34ed442e6073fde5c575e309",
                "shasum": ""
            },
            "require": {
                "ext-mbstring": "*",
                "php": "^7.4.3 || ^8.0.0"
            },
            "require-dev": {
                "mimmi20/coding-standard": "^2.6.2",
                "phpstan/extension-installer": "^1.1.0",
                "phpstan/phpstan": "^1.4.2",
                "phpstan/phpstan-deprecation-rules": "^1.0.0",
                "phpstan/phpstan-phpunit": "^1.0.0",
                "phpunit/phpunit": "^9.5.12"
            },
            "type": "library",
            "autoload": {
                "psr-4": {
                    "BrowserDetector\\Version\\": "src/"
                }
            },
            "notification-url": "https://packagist.org/downloads/",
            "license": [
                "MIT"
            ],
            "authors": [
                {
                    "name": "Thomas Müller",
                    "homepage": "https://github.com/mimmi20",
                    "role": "Developer"
                },
                {
                    "name": "Contributors",
                    "homepage": "https://github.com/mimmi20/version/graphs/contributors"
                }
            ],
            "description": "Version Class for the Browser Detector",
            "homepage": "https://github.com/mimmi20/version",
            "keywords": [
                "version"
            ],
            "support": {
                "issues": "https://github.com/mimmi20/version/issues",
                "source": "https://github.com/mimmi20/version"
            },
            "time": "2022-01-21T19:17:34+00:00"
        },
        {
            "name": "mimmi20/ios-build",
            "version": "2.0.8",
            "source": {
                "type": "git",
                "url": "https://github.com/mimmi20/ios-build.git",
                "reference": "1e32f8f3995e90e6a5ec4aec3d222c3f3eae77c6"
            },
            "dist": {
                "type": "zip",
                "url": "https://api.github.com/repos/mimmi20/ios-build/zipball/1e32f8f3995e90e6a5ec4aec3d222c3f3eae77c6",
                "reference": "1e32f8f3995e90e6a5ec4aec3d222c3f3eae77c6",
                "shasum": ""
            },
            "require": {
                "ext-mbstring": "*",
                "php": "^7.4.3 || ^8.0.0"
            },
            "require-dev": {
                "mimmi20/coding-standard": "^2.6.2",
                "phpstan/extension-installer": "^1.1.0",
                "phpstan/phpstan": "^1.4.2",
                "phpstan/phpstan-deprecation-rules": "^1.0.0",
                "phpstan/phpstan-phpunit": "^1.0.0",
                "phpunit/phpunit": "^9.5.12"
            },
            "type": "library",
            "autoload": {
                "psr-4": {
                    "IosBuild\\": "src/"
                }
            },
            "notification-url": "https://packagist.org/downloads/",
            "license": [
                "MIT"
            ],
            "authors": [
                {
                    "name": "Thomas Müller",
                    "homepage": "https://github.com/mimmi20",
                    "role": "Developer"
                },
                {
                    "name": "Contributors",
                    "homepage": "https://github.com/mimmi20/ios-build/graphs/contributors"
                }
            ],
            "description": "Class wrapper for peterkahl/apple-ios-build-version",
            "homepage": "https://github.com/mimmi20/ios-build",
            "support": {
                "issues": "https://github.com/mimmi20/ios-build/issues",
                "source": "https://github.com/mimmi20/ios-build"
            },
            "time": "2022-01-21T20:37:44+00:00"
        },
        {
            "name": "mimmi20/macos-build",
            "version": "2.0.8",
            "source": {
                "type": "git",
                "url": "https://github.com/mimmi20/macos-build.git",
                "reference": "086eb881e0efcceb094f693cc7f90982eb6b0120"
            },
            "dist": {
                "type": "zip",
                "url": "https://api.github.com/repos/mimmi20/macos-build/zipball/086eb881e0efcceb094f693cc7f90982eb6b0120",
                "reference": "086eb881e0efcceb094f693cc7f90982eb6b0120",
                "shasum": ""
            },
            "require": {
                "ext-mbstring": "*",
                "php": "^7.4.3 || ^8.0.0"
            },
            "require-dev": {
                "mimmi20/coding-standard": "^2.6.2",
                "phpstan/extension-installer": "^1.1.0",
                "phpstan/phpstan": "^1.4.2",
                "phpstan/phpstan-deprecation-rules": "^1.0.0",
                "phpstan/phpstan-phpunit": "^1.0.0",
                "phpunit/phpunit": "^9.5.12"
            },
            "type": "library",
            "autoload": {
                "psr-4": {
                    "MacosBuild\\": "src/"
                }
            },
            "notification-url": "https://packagist.org/downloads/",
            "license": [
                "MIT"
            ],
            "authors": [
                {
                    "name": "Thomas Müller",
                    "homepage": "https://github.com/mimmi20",
                    "role": "Developer"
                },
                {
                    "name": "Contributors",
                    "homepage": "https://github.com/mimmi20/macos-build/graphs/contributors"
                }
            ],
            "description": "Class wrapper for peterkahl/apple-os-x-build-version",
            "homepage": "https://github.com/mimmi20/macos-build",
            "support": {
                "issues": "https://github.com/mimmi20/macos-build/issues",
                "source": "https://github.com/mimmi20/macos-build"
            },
            "time": "2022-01-21T20:20:33+00:00"
        },
        {
            "name": "mimmi20/ua-browser-type",
            "version": "8.0.6",
            "source": {
                "type": "git",
                "url": "https://github.com/mimmi20/ua-browser-type.git",
                "reference": "5fca0a96114979dd986e05fa5cb09d1c2c90461b"
            },
            "dist": {
                "type": "zip",
                "url": "https://api.github.com/repos/mimmi20/ua-browser-type/zipball/5fca0a96114979dd986e05fa5cb09d1c2c90461b",
                "reference": "5fca0a96114979dd986e05fa5cb09d1c2c90461b",
                "shasum": ""
            },
            "require": {
                "ext-mbstring": "*",
                "php": "^7.4.3 || ^8.0.0"
            },
            "require-dev": {
                "mimmi20/coding-standard": "^2.6.2",
                "phpstan/extension-installer": "^1.1.0",
                "phpstan/phpstan": "^1.4.2",
                "phpstan/phpstan-deprecation-rules": "^1.0.0",
                "phpstan/phpstan-phpunit": "^1.0.0",
                "phpunit/phpunit": "^9.5.12"
            },
            "type": "library",
            "autoload": {
                "psr-4": {
                    "UaBrowserType\\": "src/"
                }
            },
            "notification-url": "https://packagist.org/downloads/",
            "license": [
                "MIT"
            ],
            "authors": [
                {
                    "name": "Thomas Müller",
                    "homepage": "https://github.com/mimmi20",
                    "role": "Developer"
                },
                {
                    "name": "Contributors",
                    "homepage": "https://github.com/mimmi20/ua-browser-type/graphs/contributors"
                }
            ],
            "description": "a class collection for different browser types",
            "homepage": "https://github.com/mimmi20/ua-browser-type",
            "keywords": [
                "browser",
                "http",
                "parser",
                "user agent",
                "user-agent"
            ],
            "support": {
                "issues": "https://github.com/mimmi20/ua-browser-type/issues",
                "source": "https://github.com/mimmi20/ua-browser-type"
            },
            "time": "2022-01-21T20:03:14+00:00"
        },
        {
            "name": "mimmi20/ua-device-type",
            "version": "8.0.6",
            "source": {
                "type": "git",
                "url": "https://github.com/mimmi20/ua-device-type.git",
                "reference": "0b7c2a2e592d4d535cdef9c5d7486454c40946c1"
            },
            "dist": {
                "type": "zip",
                "url": "https://api.github.com/repos/mimmi20/ua-device-type/zipball/0b7c2a2e592d4d535cdef9c5d7486454c40946c1",
                "reference": "0b7c2a2e592d4d535cdef9c5d7486454c40946c1",
                "shasum": ""
            },
            "require": {
                "ext-mbstring": "*",
                "php": "^7.4.3 || ^8.0.0"
            },
            "require-dev": {
                "mimmi20/coding-standard": "^2.6.2",
                "phpstan/extension-installer": "^1.1.0",
                "phpstan/phpstan": "^1.4.2",
                "phpstan/phpstan-deprecation-rules": "^1.0.0",
                "phpstan/phpstan-phpunit": "^1.0.0",
                "phpunit/phpunit": "^9.5.12"
            },
            "type": "library",
            "autoload": {
                "psr-4": {
                    "UaDeviceType\\": "src/"
                }
            },
            "notification-url": "https://packagist.org/downloads/",
            "license": [
                "MIT"
            ],
            "authors": [
                {
                    "name": "Thomas Müller",
                    "homepage": "https://github.com/mimmi20",
                    "role": "Developer"
                },
                {
                    "name": "Contributors",
                    "homepage": "https://github.com/mimmi20/ua-device-type/graphs/contributors"
                }
            ],
            "description": "a class collection for different device types",
            "homepage": "https://github.com/mimmi20/ua-device-type",
            "keywords": [
                "browser",
                "http",
                "parser",
                "user agent",
                "user-agent"
            ],
            "support": {
                "issues": "https://github.com/mimmi20/ua-device-type/issues",
                "source": "https://github.com/mimmi20/ua-device-type"
            },
            "time": "2022-01-21T19:41:36+00:00"
        },
        {
            "name": "mimmi20/ua-generic-request",
            "version": "7.0.1",
            "source": {
                "type": "git",
                "url": "https://github.com/mimmi20/ua-generic-request.git",
                "reference": "361031f1e18a7480bb33e84f4ed7ca935e70d75e"
            },
            "dist": {
                "type": "zip",
                "url": "https://api.github.com/repos/mimmi20/ua-generic-request/zipball/361031f1e18a7480bb33e84f4ed7ca935e70d75e",
                "reference": "361031f1e18a7480bb33e84f4ed7ca935e70d75e",
                "shasum": ""
            },
            "require": {
                "ext-json": "*",
                "ext-mbstring": "*",
                "laminas/laminas-diactoros": "^2.8.0",
                "php": "^7.4.3 || ^8.0.0",
                "psr/http-message": "^1.0.1"
            },
            "require-dev": {
                "mimmi20/coding-standard": "^2.6.2",
                "phpstan/extension-installer": "^1.1.0",
                "phpstan/phpstan": "^1.4.2",
                "phpstan/phpstan-deprecation-rules": "^1.0.0",
                "phpstan/phpstan-phpunit": "^1.0.0",
                "phpunit/phpunit": "^9.5.12"
            },
            "type": "library",
            "autoload": {
                "psr-4": {
                    "UaRequest\\": "src/"
                }
            },
            "notification-url": "https://packagist.org/downloads/",
            "license": [
                "MIT"
            ],
            "authors": [
                {
                    "name": "Thomas Müller",
                    "homepage": "https://github.com/mimmi20",
                    "role": "Developer"
                },
                {
                    "name": "Contributors",
                    "homepage": "https://github.com/mimmi20/ua-generic-request/graphs/contributors"
                }
            ],
            "description": "the Generic Request Object extracted from Wurfl for PHP 7.1+",
            "homepage": "https://github.com/mimmi20/ua-generic-request",
            "support": {
                "issues": "https://github.com/mimmi20/ua-generic-request/issues",
                "source": "https://github.com/mimmi20/ua-generic-request/tree/7.0.1"
            },
            "time": "2022-01-21T21:06:36+00:00"
        },
        {
            "name": "mimmi20/ua-normalizer",
            "version": "5.1.4",
            "source": {
                "type": "git",
                "url": "https://github.com/mimmi20/ua-normalizer.git",
                "reference": "b33b72d5e69d9fd478a3e7d4a1b64c03ede3c203"
            },
            "dist": {
                "type": "zip",
                "url": "https://api.github.com/repos/mimmi20/ua-normalizer/zipball/b33b72d5e69d9fd478a3e7d4a1b64c03ede3c203",
                "reference": "b33b72d5e69d9fd478a3e7d4a1b64c03ede3c203",
                "shasum": ""
            },
            "require": {
                "ext-mbstring": "*",
                "php": "^7.4.3 || ^8.0.0"
            },
            "require-dev": {
                "mimmi20/coding-standard": "^2.6.2",
                "phpstan/extension-installer": "^1.1.0",
                "phpstan/phpstan": "^1.4.2",
                "phpstan/phpstan-deprecation-rules": "^1.0.0",
                "phpstan/phpstan-phpunit": "^1.0.0",
                "phpunit/phpunit": "^9.5.12"
            },
            "type": "library",
            "autoload": {
                "psr-4": {
                    "UaNormalizer\\": "src/"
                }
            },
            "notification-url": "https://packagist.org/downloads/",
            "license": [
                "MIT"
            ],
            "authors": [
                {
                    "name": "Thomas Müller",
                    "homepage": "https://github.com/mimmi20",
                    "role": "Developer"
                },
                {
                    "name": "Contributors",
                    "homepage": "https://github.com/mimmi20/ua-normalizer/graphs/contributors"
                }
            ],
            "description": "the Normalizers extracted from the UaNormalizer PHP Library for PHP 7+",
            "homepage": "https://github.com/mimmi20/ua-normalizer",
            "keywords": [
                "UaNormalizer",
                "browser",
                "http",
                "parser",
                "user agent",
                "user-agent"
            ],
            "support": {
                "issues": "https://github.com/mimmi20/ua-normalizer/issues",
                "source": "https://github.com/mimmi20/ua-normalizer"
            },
            "time": "2022-01-21T20:52:55+00:00"
        },
        {
            "name": "mimmi20/ua-result",
            "version": "8.0.7",
            "source": {
                "type": "git",
                "url": "https://github.com/mimmi20/ua-result.git",
                "reference": "4da0d9d0a22f98ad5e7769f3499708c45eab7c5c"
            },
            "dist": {
                "type": "zip",
                "url": "https://api.github.com/repos/mimmi20/ua-result/zipball/4da0d9d0a22f98ad5e7769f3499708c45eab7c5c",
                "reference": "4da0d9d0a22f98ad5e7769f3499708c45eab7c5c",
                "shasum": ""
            },
            "require": {
                "ext-json": "*",
                "ext-mbstring": "*",
                "mimmi20/browser-detector-version": "^7.0.8",
                "mimmi20/ua-browser-type": "^8.0.6",
                "mimmi20/ua-device-type": "^8.0.6",
                "php": "^7.4.3 || ^8.0.0",
                "psr/log": "^1.1.4 || ^2.0.0 || ^3.0.0"
            },
            "require-dev": {
                "mimmi20/coding-standard": "^2.6.2",
                "phpstan/extension-installer": "^1.1.0",
                "phpstan/phpstan": "^1.4.2",
                "phpstan/phpstan-deprecation-rules": "^1.0.0",
                "phpstan/phpstan-phpunit": "^1.0.0",
                "phpunit/phpunit": "^9.5.12"
            },
            "type": "library",
            "autoload": {
                "psr-4": {
                    "UaResult\\": "src/"
                }
            },
            "notification-url": "https://packagist.org/downloads/",
            "license": [
                "MIT"
            ],
            "authors": [
                {
                    "name": "Thomas Müller",
                    "homepage": "https://github.com/mimmi20",
                    "role": "Developer"
                },
                {
                    "name": "Contributors",
                    "homepage": "https://github.com/mimmi20/ua-result/graphs/contributors"
                }
            ],
            "description": "Library for PHP 7.4+ to handle useragent parser results",
            "homepage": "https://github.com/mimmi20/ua-result",
            "keywords": [
                "browser",
                "http",
                "parser",
                "user agent",
                "user-agent"
            ],
            "support": {
                "issues": "https://github.com/mimmi20/ua-result/issues",
                "source": "https://github.com/mimmi20/ua-result"
            },
            "time": "2022-01-21T21:51:08+00:00"
        },
        {
            "name": "monolog/monolog",
            "version": "2.3.5",
            "source": {
                "type": "git",
                "url": "https://github.com/Seldaek/monolog.git",
                "reference": "fd4380d6fc37626e2f799f29d91195040137eba9"
            },
            "dist": {
                "type": "zip",
                "url": "https://api.github.com/repos/Seldaek/monolog/zipball/fd4380d6fc37626e2f799f29d91195040137eba9",
                "reference": "fd4380d6fc37626e2f799f29d91195040137eba9",
                "shasum": ""
            },
            "require": {
                "php": ">=7.2",
                "psr/log": "^1.0.1 || ^2.0 || ^3.0"
            },
            "provide": {
                "psr/log-implementation": "1.0.0 || 2.0.0 || 3.0.0"
            },
            "require-dev": {
                "aws/aws-sdk-php": "^2.4.9 || ^3.0",
                "doctrine/couchdb": "~1.0@dev",
                "elasticsearch/elasticsearch": "^7",
                "graylog2/gelf-php": "^1.4.2",
                "mongodb/mongodb": "^1.8",
                "php-amqplib/php-amqplib": "~2.4 || ^3",
                "php-console/php-console": "^3.1.3",
                "phpspec/prophecy": "^1.6.1",
                "phpstan/phpstan": "^0.12.91",
                "phpunit/phpunit": "^8.5",
                "predis/predis": "^1.1",
                "rollbar/rollbar": "^1.3",
                "ruflin/elastica": ">=0.90@dev",
                "swiftmailer/swiftmailer": "^5.3|^6.0"
            },
            "suggest": {
                "aws/aws-sdk-php": "Allow sending log messages to AWS services like DynamoDB",
                "doctrine/couchdb": "Allow sending log messages to a CouchDB server",
                "elasticsearch/elasticsearch": "Allow sending log messages to an Elasticsearch server via official client",
                "ext-amqp": "Allow sending log messages to an AMQP server (1.0+ required)",
                "ext-curl": "Required to send log messages using the IFTTTHandler, the LogglyHandler, the SendGridHandler, the SlackWebhookHandler or the TelegramBotHandler",
                "ext-mbstring": "Allow to work properly with unicode symbols",
                "ext-mongodb": "Allow sending log messages to a MongoDB server (via driver)",
                "ext-openssl": "Required to send log messages using SSL",
                "ext-sockets": "Allow sending log messages to a Syslog server (via UDP driver)",
                "graylog2/gelf-php": "Allow sending log messages to a GrayLog2 server",
                "mongodb/mongodb": "Allow sending log messages to a MongoDB server (via library)",
                "php-amqplib/php-amqplib": "Allow sending log messages to an AMQP server using php-amqplib",
                "php-console/php-console": "Allow sending log messages to Google Chrome",
                "rollbar/rollbar": "Allow sending log messages to Rollbar",
                "ruflin/elastica": "Allow sending log messages to an Elastic Search server"
            },
            "type": "library",
            "extra": {
                "branch-alias": {
                    "dev-main": "2.x-dev"
                }
            },
            "autoload": {
                "psr-4": {
                    "Monolog\\": "src/Monolog"
                }
            },
            "notification-url": "https://packagist.org/downloads/",
            "license": [
                "MIT"
            ],
            "authors": [
                {
                    "name": "Jordi Boggiano",
                    "email": "j.boggiano@seld.be",
                    "homepage": "https://seld.be"
                }
            ],
            "description": "Sends your logs to files, sockets, inboxes, databases and various web services",
            "homepage": "https://github.com/Seldaek/monolog",
            "keywords": [
                "log",
                "logging",
                "psr-3"
            ],
            "support": {
                "issues": "https://github.com/Seldaek/monolog/issues",
                "source": "https://github.com/Seldaek/monolog/tree/2.3.5"
            },
            "funding": [
                {
                    "url": "https://github.com/Seldaek",
                    "type": "github"
                },
                {
                    "url": "https://tidelift.com/funding/github/packagist/monolog/monolog",
                    "type": "tidelift"
                }
            ],
            "time": "2021-10-01T21:08:31+00:00"
        },
        {
            "name": "psr/cache",
            "version": "1.0.0",
            "source": {
                "type": "git",
                "url": "https://github.com/php-fig/cache.git",
                "reference": "9e66031f41fbbdda45ee11e93c45d480ccba3eb3"
            },
            "dist": {
                "type": "zip",
                "url": "https://api.github.com/repos/php-fig/cache/zipball/9e66031f41fbbdda45ee11e93c45d480ccba3eb3",
                "reference": "9e66031f41fbbdda45ee11e93c45d480ccba3eb3",
                "shasum": ""
            },
            "require": {
                "php": ">=5.3.0"
            },
            "type": "library",
            "extra": {
                "branch-alias": {
                    "dev-master": "1.0.x-dev"
                }
            },
            "autoload": {
                "psr-4": {
                    "Psr\\Cache\\": "src/"
                }
            },
            "notification-url": "https://packagist.org/downloads/",
            "license": [
                "MIT"
            ],
            "authors": [
                {
                    "name": "PHP-FIG",
                    "homepage": "http://www.php-fig.org/"
                }
            ],
            "description": "Common interface for caching libraries",
            "keywords": [
                "cache",
                "psr",
                "psr-6"
            ],
            "support": {
                "issues": "https://github.com/php-fig/cache/issues",
                "source": "https://github.com/php-fig/cache/tree/master"
            },
            "time": "2015-12-11T02:52:07+00:00"
        },
        {
            "name": "psr/http-factory",
            "version": "1.0.0",
            "source": {
                "type": "git",
                "url": "https://github.com/php-fig/http-factory.git",
                "reference": "378bfe27931ecc54ff824a20d6f6bfc303bbd04c"
            },
            "dist": {
                "type": "zip",
                "url": "https://api.github.com/repos/php-fig/http-factory/zipball/378bfe27931ecc54ff824a20d6f6bfc303bbd04c",
                "reference": "378bfe27931ecc54ff824a20d6f6bfc303bbd04c",
                "shasum": ""
            },
            "require": {
                "php": ">=7.0.0",
                "psr/http-message": "^1.0"
            },
            "type": "library",
            "extra": {
                "branch-alias": {
                    "dev-master": "1.0.x-dev"
                }
            },
            "autoload": {
                "psr-4": {
                    "Psr\\Http\\Message\\": "src/"
                }
            },
            "notification-url": "https://packagist.org/downloads/",
            "license": [
                "MIT"
            ],
            "authors": [
                {
                    "name": "PHP-FIG",
                    "homepage": "http://www.php-fig.org/"
                }
            ],
            "description": "Common interfaces for PSR-7 HTTP message factories",
            "keywords": [
                "factory",
                "http",
                "message",
                "psr",
                "psr-17",
                "psr-7",
                "request",
                "response"
            ],
            "support": {
                "issues": "https://github.com/php-fig/http-factory/issues",
                "source": "https://github.com/php-fig/http-factory/tree/master"
            },
            "time": "2018-07-30T21:54:04+00:00"
        },
        {
            "name": "psr/http-message",
            "version": "1.0.1",
            "source": {
                "type": "git",
                "url": "https://github.com/php-fig/http-message.git",
                "reference": "f6561bf28d520154e4b0ec72be95418abe6d9363"
            },
            "dist": {
                "type": "zip",
                "url": "https://api.github.com/repos/php-fig/http-message/zipball/f6561bf28d520154e4b0ec72be95418abe6d9363",
                "reference": "f6561bf28d520154e4b0ec72be95418abe6d9363",
                "shasum": ""
            },
            "require": {
                "php": ">=5.3.0"
            },
            "type": "library",
            "extra": {
                "branch-alias": {
                    "dev-master": "1.0.x-dev"
                }
            },
            "autoload": {
                "psr-4": {
                    "Psr\\Http\\Message\\": "src/"
                }
            },
            "notification-url": "https://packagist.org/downloads/",
            "license": [
                "MIT"
            ],
            "authors": [
                {
                    "name": "PHP-FIG",
                    "homepage": "http://www.php-fig.org/"
                }
            ],
            "description": "Common interface for HTTP messages",
            "homepage": "https://github.com/php-fig/http-message",
            "keywords": [
                "http",
                "http-message",
                "psr",
                "psr-7",
                "request",
                "response"
            ],
            "support": {
                "source": "https://github.com/php-fig/http-message/tree/master"
            },
            "time": "2016-08-06T14:39:51+00:00"
        },
        {
            "name": "psr/log",
            "version": "1.1.4",
            "source": {
                "type": "git",
                "url": "https://github.com/php-fig/log.git",
                "reference": "d49695b909c3b7628b6289db5479a1c204601f11"
            },
            "dist": {
                "type": "zip",
                "url": "https://api.github.com/repos/php-fig/log/zipball/d49695b909c3b7628b6289db5479a1c204601f11",
                "reference": "d49695b909c3b7628b6289db5479a1c204601f11",
                "shasum": ""
            },
            "require": {
                "php": ">=5.3.0"
            },
            "type": "library",
            "extra": {
                "branch-alias": {
                    "dev-master": "1.1.x-dev"
                }
            },
            "autoload": {
                "psr-4": {
                    "Psr\\Log\\": "Psr/Log/"
                }
            },
            "notification-url": "https://packagist.org/downloads/",
            "license": [
                "MIT"
            ],
            "authors": [
                {
                    "name": "PHP-FIG",
                    "homepage": "https://www.php-fig.org/"
                }
            ],
            "description": "Common interface for logging libraries",
            "homepage": "https://github.com/php-fig/log",
            "keywords": [
                "log",
                "psr",
                "psr-3"
            ],
            "support": {
                "source": "https://github.com/php-fig/log/tree/1.1.4"
            },
            "time": "2021-05-03T11:20:27+00:00"
        },
        {
            "name": "psr/simple-cache",
            "version": "1.0.1",
            "source": {
                "type": "git",
                "url": "https://github.com/php-fig/simple-cache.git",
                "reference": "408d5eafb83c57f6365a3ca330ff23aa4a5fa39b"
            },
            "dist": {
                "type": "zip",
                "url": "https://api.github.com/repos/php-fig/simple-cache/zipball/408d5eafb83c57f6365a3ca330ff23aa4a5fa39b",
                "reference": "408d5eafb83c57f6365a3ca330ff23aa4a5fa39b",
                "shasum": ""
            },
            "require": {
                "php": ">=5.3.0"
            },
            "type": "library",
            "extra": {
                "branch-alias": {
                    "dev-master": "1.0.x-dev"
                }
            },
            "autoload": {
                "psr-4": {
                    "Psr\\SimpleCache\\": "src/"
                }
            },
            "notification-url": "https://packagist.org/downloads/",
            "license": [
                "MIT"
            ],
            "authors": [
                {
                    "name": "PHP-FIG",
                    "homepage": "http://www.php-fig.org/"
                }
            ],
            "description": "Common interfaces for simple caching",
            "keywords": [
                "cache",
                "caching",
                "psr",
                "psr-16",
                "simple-cache"
            ],
            "support": {
                "source": "https://github.com/php-fig/simple-cache/tree/master"
            },
            "time": "2017-10-23T01:57:42+00:00"
        }
    ],
    "packages-dev": [],
    "aliases": [],
    "minimum-stability": "stable",
    "stability-flags": [],
    "prefer-stable": true,
    "prefer-lowest": true,
    "platform": {
        "php": "^8.1.0",
        "composer-runtime-api": "^2.0"
    },
    "platform-dev": [],
    "plugin-api-version": "2.2.0"
}
