{
  "name": "browscap-js-1",
  "version": "1.0.0",
  "lockfileVersion": 1,
  "requires": true,
  "dependencies": {
    "browscap-js": {
      "version": "3.0.6000032",
      "resolved": "https://registry.npmjs.org/browscap-js/-/browscap-js-3.0.6000032.tgz",
      "integrity": "sha512-0zLQXxxCF9pmXPueYZe5W2jarrKv5QaplRFzcmq28d/rgtOBsIbvaZIrjgXeZkcs9jKS0zgR+RAtPAJnUxm7ig==",
      "requires": {
        "browscap-js-cache": "^2.0.1",
        "browscap-json-cache-files": "^1.2.6000032",
        "md5": "^2.0.0"
      }
    },
    "browscap-js-cache": {
      "version": "2.0.2",
      "resolved": "https://registry.npmjs.org/browscap-js-cache/-/browscap-js-cache-2.0.2.tgz",
      "integrity": "sha512-BHj48dFUhjxHUQHuLC2Gs0zwCzp0UjU2Hcui0H8e43dBlMGaEGkkbiRZ7xS5Eq+TkpSHsmKCwwQaJ3JeFvN8SQ=="
    },
    "browscap-json-cache-files": {
      "version": "1.2.6000037",
      "resolved": "https://registry.npmjs.org/browscap-json-cache-files/-/browscap-json-cache-files-1.2.6000037.tgz",
      "integrity": "sha512-27cfqwu3MCkNo1h048lg9yLDif8gpIeCfuYCZU+qzMpHj27pQj7WcC+QDRTyiT+IhliXvPtymWOMXXASJstKdA=="
    },
    "charenc": {
      "version": "0.0.2",
      "resolved": "https://registry.npmjs.org/charenc/-/charenc-0.0.2.tgz",
      "integrity": "sha1-wKHS86cJLgN3S/qD8UwPxXkKhmc="
    },
    "crypt": {
      "version": "0.0.2",
      "resolved": "https://registry.npmjs.org/crypt/-/crypt-0.0.2.tgz",
      "integrity": "sha1-iNf/fsDfuG9xPch7u0LQRNPmxBs="
    },
    "is-buffer": {
      "version": "1.1.6",
      "resolved": "https://registry.npmjs.org/is-buffer/-/is-buffer-1.1.6.tgz",
      "integrity": "sha512-NcdALwpXkTm5Zvvbk7owOUSvVvBKDgKP5/ewfXEznmQFfs4ZRmanOeKBTjRVjka3QFoN6XJ+9F3USqfHqTaU5w=="
    },
    "md5": {
      "version": "2.3.0",
      "resolved": "https://registry.npmjs.org/md5/-/md5-2.3.0.tgz",
      "integrity": "sha512-T1GITYmFaKuO91vxyoQMFETst+O71VUPEU3ze5GNzDm0OWdP8v1ziTaAEPUr/3kLsY3Sftgz242A1SetQiDL7g==",
      "requires": {
        "charenc": "0.0.2",
        "crypt": "0.0.2",
        "is-buffer": "~1.1.6"
      }
    }
  }
}
