{
  "name": "device-detector-js-1",
  "version": "1.0.0",
  "lockfileVersion": 1,
  "requires": true,
  "dependencies": {
    "device-detector-js": {
      "version": "2.2.10",
      "resolved": "https://registry.npmjs.org/device-detector-js/-/device-detector-js-2.2.10.tgz",
      "integrity": "sha512-zLcDSU10WIqbARXecaVJJxx0ZuGWq+MVhj9f9qehdBCFr9RMa5mQGTt2IZNIgKuCIind/j/DzRDViEdc2FfBGQ=="
    }
  }
}
