{
  "name": "ua-parser-js-0",
  "version": "1.0.0",
  "lockfileVersion": 1,
  "requires": true,
  "dependencies": {
    "ua-parser-js": {
      "version": "0.8.1",
      "resolved": "https://registry.npmjs.org/ua-parser-js/-/ua-parser-js-0.8.1.tgz",
      "integrity": "sha512-top37bpoaHp+wJBAqjm5KNz7qNfSZ/tmHEisuMMK5uzjdIo/L6uWovDFuYboO+q8EMz1f67exTnd+OPYESuu8Q=="
    }
  }
}
