{
  "name": "uaparserjs",
  "version": "1.0.0",
  "lockfileVersion": 3,
  "requires": true,
  "packages": {
    "": {
      "name": "uaparserjs",
      "version": "1.0.0",
      "license": "ISC",
      "dependencies": {
        "ua-parser-js": "^1.0.2"
      }
    },
    "node_modules/ua-parser-js": {
      "version": "1.0.36",
      "resolved": "https://registry.npmjs.org/ua-parser-js/-/ua-parser-js-1.0.36.tgz",
      "integrity": "sha512-znuyCIXzl8ciS3+y3fHJI/2OhQIXbXw9MWC/o3qwyR+RGppjZHrM27CGFSKCJXi2Kctiz537iOu2KnXs1lMQhw==",
      "funding": [
        {
          "type": "opencollective",
          "url": "https://opencollective.com/ua-parser-js"
        },
        {
          "type": "paypal",
          "url": "https://paypal.me/faisalman"
        },
        {
          "type": "github",
          "url": "https://github.com/sponsors/faisalman"
        }
      ],
      "engines": {
        "node": "*"
      }
    }
  }
}
