{
  "name": "uaparserjs",
  "version": "1.0.0",
  "lockfileVersion": 2,
  "requires": true,
  "packages": {
    "": {
      "name": "uaparserjs",
      "version": "1.0.0",
      "license": "ISC",
      "dependencies": {
        "ua-parser-js": "^1.0.32"
      }
    },
    "node_modules/ua-parser-js": {
      "version": "1.0.32",
      "resolved": "https://registry.npmjs.org/ua-parser-js/-/ua-parser-js-1.0.32.tgz",
      "integrity": "sha512-dXVsz3M4j+5tTiovFVyVqssXBu5HM47//YSOeZ9fQkdDKkfzv2v3PP1jmH6FUyPW+yCSn7aBVK1fGGKNhowdDA==",
      "funding": [
        {
          "type": "opencollective",
          "url": "https://opencollective.com/ua-parser-js"
        },
        {
          "type": "paypal",
          "url": "https://paypal.me/faisalman"
        }
      ],
      "engines": {
        "node": "*"
      }
    }
  },
  "dependencies": {
    "ua-parser-js": {
      "version": "1.0.32",
      "resolved": "https://registry.npmjs.org/ua-parser-js/-/ua-parser-js-1.0.32.tgz",
      "integrity": "sha512-dXVsz3M4j+5tTiovFVyVqssXBu5HM47//YSOeZ9fQkdDKkfzv2v3PP1jmH6FUyPW+yCSn7aBVK1fGGKNhowdDA=="
    }
  }
}
