{
  "name": "uaparserjs",
  "version": "1.0.0",
  "lockfileVersion": 3,
  "requires": true,
  "packages": {
    "": {
      "name": "uaparserjs",
      "version": "1.0.0",
      "license": "ISC",
      "dependencies": {
        "ua-parser-js": "^1.0.33"
      }
    },
    "node_modules/ua-parser-js": {
      "version": "1.0.40",
      "resolved": "https://registry.npmjs.org/ua-parser-js/-/ua-parser-js-1.0.40.tgz",
      "integrity": "sha512-z6PJ8Lml+v3ichVojCiB8toQJBuwR42ySM4ezjXIqXK3M0HczmKQ3LF4rhU55PfD99KEEXQG6yb7iOMyvYuHew==",
      "funding": [
        {
          "type": "opencollective",
          "url": "https://opencollective.com/ua-parser-js"
        },
        {
          "type": "paypal",
          "url": "https://paypal.me/faisalman"
        },
        {
          "type": "github",
          "url": "https://github.com/sponsors/faisalman"
        }
      ],
      "license": "MIT",
      "bin": {
        "ua-parser-js": "script/cli.js"
      },
      "engines": {
        "node": "*"
      }
    }
  }
}
