{
    "_readme": [
        "This file locks the dependencies of your project to a known state",
        "Read more about it at https://getcomposer.org/doc/01-basic-usage.md#installing-dependencies",
        "This file is @generated automatically"
    ],
    "content-hash": "5d30286caf97452e4d27d5cebbce2663",
    "packages": [
        {
            "name": "donatj/phpuseragentparser",
            "version": "v0.20.0",
            "source": {
                "type": "git",
                "url": "https://github.com/donatj/PhpUserAgent.git",
                "reference": "5992d7836868b408e73d0d490c779dda7a39135e"
            },
            "dist": {
                "type": "zip",
                "url": "https://api.github.com/repos/donatj/PhpUserAgent/zipball/5992d7836868b408e73d0d490c779dda7a39135e",
                "reference": "5992d7836868b408e73d0d490c779dda7a39135e",
                "shasum": ""
            },
            "require": {
                "php": ">=5.3.0"
            },
            "require-dev": {
                "camspiers/json-pretty": "0.1.*",
                "donatj/drop": "*",
                "phpunit/phpunit": "~4.8|~9"
            },
            "type": "library",
            "autoload": {
                "files": [
                    "src/UserAgentParser.php"
                ]
            },
            "notification-url": "https://packagist.org/downloads/",
            "license": [
                "MIT"
            ],
            "authors": [
                {
                    "name": "Jesse G. Donat",
                    "email": "donatj@gmail.com",
                    "homepage": "https://donatstudios.com",
                    "role": "Developer"
                }
            ],
            "description": "Lightning fast, minimalist PHP UserAgent string parser.",
            "homepage": "https://donatstudios.com/PHP-Parser-HTTP_USER_AGENT",
            "keywords": [
                "browser",
                "browser detection",
                "parser",
                "user agent",
                "useragent"
            ],
            "support": {
                "issues": "https://github.com/donatj/PhpUserAgent/issues",
                "source": "https://github.com/donatj/PhpUserAgent/tree/v0.20.0"
            },
            "funding": [
                {
                    "url": "https://www.paypal.me/donatj/5",
                    "type": "custom"
                },
                {
                    "url": "https://github.com/donatj",
                    "type": "github"
                }
            ],
            "time": "2021-03-16T16:42:25+00:00"
        }
    ],
    "packages-dev": [],
    "aliases": [],
    "minimum-stability": "stable",
    "stability-flags": [],
    "prefer-stable": true,
    "prefer-lowest": false,
    "platform": {
        "php": "^7.4.3",
        "composer-runtime-api": "*"
    },
    "platform-dev": [],
    "plugin-api-version": "2.1.0"
}
