{
    "_readme": [
        "This file locks the dependencies of your project to a known state",
        "Read more about it at https://getcomposer.org/doc/01-basic-usage.md#installing-dependencies",
        "This file is @generated automatically"
    ],
    "content-hash": "acee3df8a275fbb87781d48932842234",
    "packages": [
        {
            "name": "donatj/phpuseragentparser",
            "version": "v1.5.0",
            "source": {
                "type": "git",
                "url": "https://github.com/donatj/PhpUserAgent.git",
                "reference": "cc9d872cddfc180c52d084d0dff1e4aad653d37f"
            },
            "dist": {
                "type": "zip",
                "url": "https://api.github.com/repos/donatj/PhpUserAgent/zipball/cc9d872cddfc180c52d084d0dff1e4aad653d37f",
                "reference": "cc9d872cddfc180c52d084d0dff1e4aad653d37f",
                "shasum": ""
            },
            "require": {
                "php": ">=5.4.0"
            },
            "require-dev": {
                "camspiers/json-pretty": "~1.0",
                "donatj/drop": "*",
                "phpunit/phpunit": "~4.8|~9"
            },
            "type": "library",
            "autoload": {
                "files": [
                    "src/UserAgentParser.php"
                ],
                "psr-4": {
                    "donatj\\UserAgent\\": "src/UserAgent"
                }
            },
            "notification-url": "https://packagist.org/downloads/",
            "license": [
                "MIT"
            ],
            "authors": [
                {
                    "name": "Jesse G. Donat",
                    "email": "donatj@gmail.com",
                    "homepage": "https://donatstudios.com",
                    "role": "Developer"
                }
            ],
            "description": "Lightning fast, minimalist PHP UserAgent string parser.",
            "homepage": "https://donatstudios.com/PHP-Parser-HTTP_USER_AGENT",
            "keywords": [
                "browser",
                "browser detection",
                "parser",
                "user agent",
                "useragent"
            ],
            "support": {
                "issues": "https://github.com/donatj/PhpUserAgent/issues",
                "source": "https://github.com/donatj/PhpUserAgent/tree/v1.5.0"
            },
            "funding": [
                {
                    "url": "https://www.paypal.me/donatj/5",
                    "type": "custom"
                },
                {
                    "url": "https://github.com/donatj",
                    "type": "github"
                }
            ],
            "time": "2021-09-16T17:05:03+00:00"
        }
    ],
    "packages-dev": [],
    "aliases": [],
    "minimum-stability": "stable",
    "stability-flags": [],
    "prefer-stable": true,
    "prefer-lowest": false,
    "platform": [],
    "platform-dev": [],
    "plugin-api-version": "2.1.0"
}
